// !$*UTF8*$!
{
	archiveVersion = 1;
	classes = {
	};
	objectVersion = 56;
	objects = {

/* Begin PBXBuildFile section */
		1A0000000000000000000001 /* MaterialColorsApp.swift in Sources */ = {isa = PBXBuildFile; fileRef = 2A0000000000000000000001 /* MaterialColorsApp.swift */; };
		1A0000000000000000000002 /* ContentView.swift in Sources */ = {isa = PBXBuildFile; fileRef = 2A0000000000000000000002 /* ContentView.swift */; };
		1A0000000000000000000003 /* ColorGridView.swift in Sources */ = {isa = PBXBuildFile; fileRef = 2A0000000000000000000003 /* ColorGridView.swift */; };
		1A0000000000000000000004 /* ColorFinderView.swift in Sources */ = {isa = PBXBuildFile; fileRef = 2A0000000000000000000004 /* ColorFinderView.swift */; };
		1A0000000000000000000005 /* MaterialPalette.swift in Sources */ = {isa = PBXBuildFile; fileRef = 2A0000000000000000000005 /* MaterialPalette.swift */; };
		1A0000000000000000000006 /* ColorMath.swift in Sources */ = {isa = PBXBuildFile; fileRef = 2A0000000000000000000006 /* ColorMath.swift */; };
		1A0000000000000000000007 /* Clipboard.swift in Sources */ = {isa = PBXBuildFile; fileRef = 2A0000000000000000000007 /* Clipboard.swift */; };
		1A0000000000000000000008 /* Assets.xcassets in Resources */ = {isa = PBXBuildFile; fileRef = 2A0000000000000000000008 /* Assets.xcassets */; };
/* End PBXBuildFile section */

/* Begin PBXFileReference section */
		2A0000000000000000000001 /* MaterialColorsApp.swift */ = {isa = PBXFileReference; lastKnownFileType = sourcecode.swift; path = MaterialColorsApp.swift; sourceTree = "<group>"; };
		2A0000000000000000000002 /* ContentView.swift */ = {isa = PBXFileReference; lastKnownFileType = sourcecode.swift; path = ContentView.swift; sourceTree = "<group>"; };
		2A0000000000000000000003 /* ColorGridView.swift */ = {isa = PBXFileReference; lastKnownFileType = sourcecode.swift; path = ColorGridView.swift; sourceTree = "<group>"; };
		2A0000000000000000000004 /* ColorFinderView.swift */ = {isa = PBXFileReference; lastKnownFileType = sourcecode.swift; path = ColorFinderView.swift; sourceTree = "<group>"; };
		2A0000000000000000000005 /* MaterialPalette.swift */ = {isa = PBXFileReference; lastKnownFileType = sourcecode.swift; path = MaterialPalette.swift; sourceTree = "<group>"; };
		2A0000000000000000000006 /* ColorMath.swift */ = {isa = PBXFileReference; lastKnownFileType = sourcecode.swift; path = ColorMath.swift; sourceTree = "<group>"; };
		2A0000000000000000000007 /* Clipboard.swift */ = {isa = PBXFileReference; lastKnownFileType = sourcecode.swift; path = Clipboard.swift; sourceTree = "<group>"; };
		2A0000000000000000000008 /* Assets.xcassets */ = {isa = PBXFileReference; lastKnownFileType = folder.assetcatalog; path = Assets.xcassets; sourceTree = "<group>"; };
		2A0000000000000000000009 /* MaterialColors.entitlements */ = {isa = PBXFileReference; lastKnownFileType = text.plist.entitlements; path = MaterialColors.entitlements; sourceTree = "<group>"; };
		2A000000000000000000000A /* MaterialColors.app */ = {isa = PBXFileReference; explicitFileType = wrapper.application; includeInIndex = 0; path = MaterialColors.app; sourceTree = BUILT_PRODUCTS_DIR; };
/* End PBXFileReference section */

/* Begin PBXFrameworksBuildPhase section */
		3A0000000000000000000001 /* Frameworks */ = {
			isa = PBXFrameworksBuildPhase;
			buildActionMask = 2147483647;
			files = (
			);
			runOnlyForDeploymentPostprocessing = 0;
		};
/* End PBXFrameworksBuildPhase section */

/* Begin PBXGroup section */
		4A0000000000000000000001 = {
			isa = PBXGroup;
			children = (
				4A0000000000000000000002 /* MaterialColors */,
				4A0000000000000000000003 /* Products */,
			);
			sourceTree = "<group>";
		};
		4A0000000000000000000002 /* MaterialColors */ = {
			isa = PBXGroup;
			children = (
				2A0000000000000000000001 /* MaterialColorsApp.swift */,
				2A0000000000000000000002 /* ContentView.swift */,
				2A0000000000000000000003 /* ColorGridView.swift */,
				2A0000000000000000000004 /* ColorFinderView.swift */,
				2A0000000000000000000005 /* MaterialPalette.swift */,
				2A0000000000000000000006 /* ColorMath.swift */,
				2A0000000000000000000007 /* Clipboard.swift */,
				2A0000000000000000000008 /* Assets.xcassets */,
				2A0000000000000000000009 /* MaterialColors.entitlements */,
			);
			path = MaterialColors;
			sourceTree = "<group>";
		};
		4A0000000000000000000003 /* Products */ = {
			isa = PBXGroup;
			children = (
				2A000000000000000000000A /* MaterialColors.app */,
			);
			name = Products;
			sourceTree = "<group>";
		};
/* End PBXGroup section */

/* Begin PBXNativeTarget section */
		5A0000000000000000000001 /* MaterialColors */ = {
			isa = PBXNativeTarget;
			buildConfigurationList = 7A0000000000000000000003 /* Build configuration list for PBXNativeTarget "MaterialColors" */;
			buildPhases = (
				6A0000000000000000000001 /* Sources */,
				3A0000000000000000000001 /* Frameworks */,
				6A0000000000000000000002 /* Resources */,
			);
			buildRules = (
			);
			dependencies = (
			);
			name = MaterialColors;
			productName = MaterialColors;
			productReference = 2A000000000000000000000A /* MaterialColors.app */;
			productType = "com.apple.product-type.application";
		};
/* End PBXNativeTarget section */

/* Begin PBXProject section */
		8A0000000000000000000001 /* Project object */ = {
			isa = PBXProject;
			attributes = {
				BuildIndependentTargetsInParallel = 1;
				LastSwiftUpdateCheck = 2620;
				LastUpgradeCheck = 2620;
				TargetAttributes = {
					5A0000000000000000000001 = {
						CreatedOnToolsVersion = 26.2;
					};
				};
			};
			buildConfigurationList = 7A0000000000000000000001 /* Build configuration list for PBXProject "MaterialColors" */;
			compatibilityVersion = "Xcode 14.0";
			developmentRegion = en;
			hasScannedForEncodings = 0;
			knownRegions = (
				en,
				Base,
			);
			mainGroup = 4A0000000000000000000001;
			productRefGroup = 4A0000000000000000000003 /* Products */;
			projectDirPath = "";
			projectRoot = "";
			targets = (
				5A0000000000000000000001 /* MaterialColors */,
			);
		};
/* End PBXProject section */

/* Begin PBXResourcesBuildPhase section */
		6A0000000000000000000002 /* Resources */ = {
			isa = PBXResourcesBuildPhase;
			buildActionMask = 2147483647;
			files = (
				1A0000000000000000000008 /* Assets.xcassets in Resources */,
			);
			runOnlyForDeploymentPostprocessing = 0;
		};
/* End PBXResourcesBuildPhase section */

/* Begin PBXSourcesBuildPhase section */
		6A0000000000000000000001 /* Sources */ = {
			isa = PBXSourcesBuildPhase;
			buildActionMask = 2147483647;
			files = (
				1A0000000000000000000001 /* MaterialColorsApp.swift in Sources */,
				1A0000000000000000000002 /* ContentView.swift in Sources */,
				1A0000000000000000000003 /* ColorGridView.swift in Sources */,
				1A0000000000000000000004 /* ColorFinderView.swift in Sources */,
				1A0000000000000000000005 /* MaterialPalette.swift in Sources */,
				1A0000000000000000000006 /* ColorMath.swift in Sources */,
				1A0000000000000000000007 /* Clipboard.swift in Sources */,
			);
			runOnlyForDeploymentPostprocessing = 0;
		};
/* End PBXSourcesBuildPhase section */

/* Begin XCBuildConfiguration section */
		9A0000000000000000000001 /* Debug */ = {
			isa = XCBuildConfiguration;
			buildSettings = {
				ALWAYS_SEARCH_USER_PATHS = NO;
				CLANG_ANALYZER_NONNULL = YES;
				CLANG_ENABLE_MODULES = YES;
				CLANG_ENABLE_OBJC_ARC = YES;
				COPY_PHASE_STRIP = NO;
				DEBUG_INFORMATION_FORMAT = dwarf;
				ENABLE_STRICT_OBJC_MSGSEND = YES;
				ENABLE_TESTABILITY = YES;
				GCC_DYNAMIC_NO_PIC = NO;
				GCC_OPTIMIZATION_LEVEL = 0;
				GCC_PREPROCESSOR_DEFINITIONS = (
					"DEBUG=1",
					"$(inherited)",
				);
				MACOSX_DEPLOYMENT_TARGET = 14.0;
				MTL_ENABLE_DEBUG_INFO = INCLUDE_SOURCE;
				ONLY_ACTIVE_ARCH = YES;
				SDKROOT = macosx;
				SWIFT_ACTIVE_COMPILATION_CONDITIONS = DEBUG;
				SWIFT_OPTIMIZATION_LEVEL = "-Onone";
			};
			name = Debug;
		};
		9A0000000000000000000002 /* Release */ = {
			isa = XCBuildConfiguration;
			buildSettings = {
				ALWAYS_SEARCH_USER_PATHS = NO;
				CLANG_ANALYZER_NONNULL = YES;
				CLANG_ENABLE_MODULES = YES;
				CLANG_ENABLE_OBJC_ARC = YES;
				COPY_PHASE_STRIP = NO;
				DEBUG_INFORMATION_FORMAT = "dwarf-with-dsym";
				ENABLE_NS_ASSERTIONS = NO;
				ENABLE_STRICT_OBJC_MSGSEND = YES;
				GCC_OPTIMIZATION_LEVEL = s;
				MACOSX_DEPLOYMENT_TARGET = 14.0;
				MTL_ENABLE_DEBUG_INFO = NO;
				SDKROOT = macosx;
				SWIFT_COMPILATION_MODE = wholemodule;
				SWIFT_OPTIMIZATION_LEVEL = "-O";
			};
			name = Release;
		};
		9A0000000000000000000003 /* Debug */ = {
			isa = XCBuildConfiguration;
			buildSettings = {
				ASSETCATALOG_COMPILER_APPICON_NAME = AppIcon;
				ASSETCATALOG_COMPILER_GLOBAL_ACCENT_COLOR_NAME = AccentColor;
				CODE_SIGN_ENTITLEMENTS = MaterialColors/MaterialColors.entitlements;
				CODE_SIGN_STYLE = Automatic;
				COMBINE_HIDPI_IMAGES = YES;
				CURRENT_PROJECT_VERSION = 1;
				ENABLE_HARDENED_RUNTIME = YES;
				GENERATE_INFOPLIST_FILE = YES;
				INFOPLIST_KEY_LSApplicationCategoryType = "public.app-category.developer-tools";
				INFOPLIST_KEY_NSHumanReadableCopyright = "";
				LD_RUNPATH_SEARCH_PATHS = (
					"$(inherited)",
					"@executable_path/../Frameworks",
				);
				MARKETING_VERSION = 1.0;
				PRODUCT_BUNDLE_IDENTIFIER = com.personal.MaterialColors;
				PRODUCT_NAME = "$(TARGET_NAME)";
				SWIFT_EMIT_LOC_STRINGS = YES;
				SWIFT_VERSION = 5.0;
			};
			name = Debug;
		};
		9A0000000000000000000004 /* Release */ = {
			isa = XCBuildConfiguration;
			buildSettings = {
				ASSETCATALOG_COMPILER_APPICON_NAME = AppIcon;
				ASSETCATALOG_COMPILER_GLOBAL_ACCENT_COLOR_NAME = AccentColor;
				CODE_SIGN_ENTITLEMENTS = MaterialColors/MaterialColors.entitlements;
				CODE_SIGN_STYLE = Automatic;
				COMBINE_HIDPI_IMAGES = YES;
				CURRENT_PROJECT_VERSION = 1;
				ENABLE_HARDENED_RUNTIME = YES;
				GENERATE_INFOPLIST_FILE = YES;
				INFOPLIST_KEY_LSApplicationCategoryType = "public.app-category.developer-tools";
				INFOPLIST_KEY_NSHumanReadableCopyright = "";
				LD_RUNPATH_SEARCH_PATHS = (
					"$(inherited)",
					"@executable_path/../Frameworks",
				);
				MARKETING_VERSION = 1.0;
				PRODUCT_BUNDLE_IDENTIFIER = com.personal.MaterialColors;
				PRODUCT_NAME = "$(TARGET_NAME)";
				SWIFT_EMIT_LOC_STRINGS = YES;
				SWIFT_VERSION = 5.0;
			};
			name = Release;
		};
/* End XCBuildConfiguration section */

/* Begin XCConfigurationList section */
		7A0000000000000000000001 /* Build configuration list for PBXProject "MaterialColors" */ = {
			isa = XCConfigurationList;
			buildConfigurations = (
				9A0000000000000000000001 /* Debug */,
				9A0000000000000000000002 /* Release */,
			);
			defaultConfigurationIsVisible = 0;
			defaultConfigurationName = Release;
		};
		7A0000000000000000000003 /* Build configuration list for PBXNativeTarget "MaterialColors" */ = {
			isa = XCConfigurationList;
			buildConfigurations = (
				9A0000000000000000000003 /* Debug */,
				9A0000000000000000000004 /* Release */,
			);
			defaultConfigurationIsVisible = 0;
			defaultConfigurationName = Release;
		};
/* End XCConfigurationList section */
	};
	rootObject = 8A0000000000000000000001 /* Project object */;
}
